// !$*UTF8*$!
{
	archiveVersion = 1;
	classes = {
	};
	objectVersion = 46;
	objects = {

/* Begin PBXBuildFile section */
		65EDA5DF1A31810600333998 /* main.m in Sources */ = {isa = PBXBuildFile; fileRef = 65EDA5DE1A31810600333998 /* main.m */; };
		65EDA5E21A31810600333998 /* NXAppDelegate.m in Sources */ = {isa = PBXBuildFile; fileRef = 65EDA5E11A31810600333998 /* NXAppDelegate.m */; };
		65EDA5E81A31810600333998 /* Main.storyboard in Resources */ = {isa = PBXBuildFile; fileRef = 65EDA5E61A31810600333998 /* Main.storyboard */; };
		65EDA5EA1A31810600333998 /* Images.xcassets in Resources */ = {isa = PBXBuildFile; fileRef = 65EDA5E91A31810600333998 /* Images.xcassets */; };
		65EDA5ED1A31810600333998 /* LaunchScreen.xib in Resources */ = {isa = PBXBuildFile; fileRef = 65EDA5EB1A31810600333998 /* LaunchScreen.xib */; };
		65EDA5F91A31810600333998 /* RemindTagsTests.m in Sources */ = {isa = PBXBuildFile; fileRef = 65EDA5F81A31810600333998 /* RemindTagsTests.m */; };
		65EDA6041A31815E00333998 /* NXRemindTableViewController.m in Sources */ = {isa = PBXBuildFile; fileRef = 65EDA6031A31815E00333998 /* NXRemindTableViewController.m */; };
		65EDA61A1A31888000333998 /* DataModel.xcdatamodeld in Sources */ = {isa = PBXBuildFile; fileRef = 65EDA6181A31888000333998 /* DataModel.xcdatamodeld */; };
		65EDA61D1A31898600333998 /* Tag.m in Sources */ = {isa = PBXBuildFile; fileRef = 65EDA61C1A31898600333998 /* Tag.m */; };
		65EDA6201A31898600333998 /* RemindItem.m in Sources */ = {isa = PBXBuildFile; fileRef = 65EDA61F1A31898600333998 /* RemindItem.m */; };
		65EDA6231A3189D900333998 /* RemindItem+repeatModeOpt.m in Sources */ = {isa = PBXBuildFile; fileRef = 65EDA6221A3189D900333998 /* RemindItem+repeatModeOpt.m */; };
		65EDA6261A318A1700333998 /* NXRemindCenter.m in Sources */ = {isa = PBXBuildFile; fileRef = 65EDA6251A318A1700333998 /* NXRemindCenter.m */; };
		65EDA62A1A31965A00333998 /* NXRemindTableViewCell.m in Sources */ = {isa = PBXBuildFile; fileRef = 65EDA6291A31965A00333998 /* NXRemindTableViewCell.m */; };
		65EDA62D1A319BF700333998 /* NXRemindInputText.m in Sources */ = {isa = PBXBuildFile; fileRef = 65EDA62C1A319BF700333998 /* NXRemindInputText.m */; };
		65EDA6391A31ADE800333998 /* NXRemindParametersTableViewController.m in Sources */ = {isa = PBXBuildFile; fileRef = 65EDA6381A31ADE800333998 /* NXRemindParametersTableViewController.m */; };
		65EDA63C1A31AE3000333998 /* CZStaticTableViewManipulator.m in Sources */ = {isa = PBXBuildFile; fileRef = 65EDA63B1A31AE3000333998 /* CZStaticTableViewManipulator.m */; };
/* End PBXBuildFile section */

/* Begin PBXContainerItemProxy section */
		65EDA5F31A31810600333998 /* PBXContainerItemProxy */ = {
			isa = PBXContainerItemProxy;
			containerPortal = 65EDA5D11A31810600333998 /* Project object */;
			proxyType = 1;
			remoteGlobalIDString = 65EDA5D81A31810600333998;
			remoteInfo = RemindTags;
		};
/* End PBXContainerItemProxy section */

/* Begin PBXFileReference section */
		65EDA5D91A31810600333998 /* RemindTags.app */ = {isa = PBXFileReference; explicitFileType = wrapper.application; includeInIndex = 0; path = RemindTags.app; sourceTree = BUILT_PRODUCTS_DIR; };
		65EDA5DD1A31810600333998 /* Info.plist */ = {isa = PBXFileReference; lastKnownFileType = text.plist.xml; path = Info.plist; sourceTree = "<group>"; };
		65EDA5DE1A31810600333998 /* main.m */ = {isa = PBXFileReference; lastKnownFileType = sourcecode.c.objc; path = main.m; sourceTree = "<group>"; };
		65EDA5E01A31810600333998 /* NXAppDelegate.h */ = {isa = PBXFileReference; lastKnownFileType = sourcecode.c.h; path = NXAppDelegate.h; sourceTree = "<group>"; };
		65EDA5E11A31810600333998 /* NXAppDelegate.m */ = {isa = PBXFileReference; lastKnownFileType = sourcecode.c.objc; path = NXAppDelegate.m; sourceTree = "<group>"; };
		65EDA5E71A31810600333998 /* Base */ = {isa = PBXFileReference; lastKnownFileType = file.storyboard; name = Base; path = Base.lproj/Main.storyboard; sourceTree = "<group>"; };
		65EDA5E91A31810600333998 /* Images.xcassets */ = {isa = PBXFileReference; lastKnownFileType = folder.assetcatalog; path = Images.xcassets; sourceTree = "<group>"; };
		65EDA5EC1A31810600333998 /* Base */ = {isa = PBXFileReference; lastKnownFileType = file.xib; name = Base; path = Base.lproj/LaunchScreen.xib; sourceTree = "<group>"; };
		65EDA5F21A31810600333998 /* RemindTagsTests.xctest */ = {isa = PBXFileReference; explicitFileType = wrapper.cfbundle; includeInIndex = 0; path = RemindTagsTests.xctest; sourceTree = BUILT_PRODUCTS_DIR; };
		65EDA5F71A31810600333998 /* Info.plist */ = {isa = PBXFileReference; lastKnownFileType = text.plist.xml; path = Info.plist; sourceTree = "<group>"; };
		65EDA5F81A31810600333998 /* RemindTagsTests.m */ = {isa = PBXFileReference; lastKnownFileType = sourcecode.c.objc; path = RemindTagsTests.m; sourceTree = "<group>"; };
		65EDA6021A31815E00333998 /* NXRemindTableViewController.h */ = {isa = PBXFileReference; fileEncoding = 4; lastKnownFileType = sourcecode.c.h; path = NXRemindTableViewController.h; sourceTree = "<group>"; };
		65EDA6031A31815E00333998 /* NXRemindTableViewController.m */ = {isa = PBXFileReference; fileEncoding = 4; lastKnownFileType = sourcecode.c.objc; path = NXRemindTableViewController.m; sourceTree = "<group>"; };
		65EDA6191A31888000333998 /* DataModel.xcdatamodel */ = {isa = PBXFileReference; lastKnownFileType = wrapper.xcdatamodel; path = DataModel.xcdatamodel; sourceTree = "<group>"; };
		65EDA61B1A31898600333998 /* Tag.h */ = {isa = PBXFileReference; fileEncoding = 4; lastKnownFileType = sourcecode.c.h; path = Tag.h; sourceTree = "<group>"; };
		65EDA61C1A31898600333998 /* Tag.m */ = {isa = PBXFileReference; fileEncoding = 4; lastKnownFileType = sourcecode.c.objc; path = Tag.m; sourceTree = "<group>"; };
		65EDA61E1A31898600333998 /* RemindItem.h */ = {isa = PBXFileReference; fileEncoding = 4; lastKnownFileType = sourcecode.c.h; path = RemindItem.h; sourceTree = "<group>"; };
		65EDA61F1A31898600333998 /* RemindItem.m */ = {isa = PBXFileReference; fileEncoding = 4; lastKnownFileType = sourcecode.c.objc; path = RemindItem.m; sourceTree = "<group>"; };
		65EDA6211A3189D900333998 /* RemindItem+repeatModeOpt.h */ = {isa = PBXFileReference; fileEncoding = 4; lastKnownFileType = sourcecode.c.h; path = "RemindItem+repeatModeOpt.h"; sourceTree = "<group>"; };
		65EDA6221A3189D900333998 /* RemindItem+repeatModeOpt.m */ = {isa = PBXFileReference; fileEncoding = 4; lastKnownFileType = sourcecode.c.objc; path = "RemindItem+repeatModeOpt.m"; sourceTree = "<group>"; };
		65EDA6241A318A1700333998 /* NXRemindCenter.h */ = {isa = PBXFileReference; fileEncoding = 4; lastKnownFileType = sourcecode.c.h; path = NXRemindCenter.h; sourceTree = "<group>"; };
		65EDA6251A318A1700333998 /* NXRemindCenter.m */ = {isa = PBXFileReference; fileEncoding = 4; lastKnownFileType = sourcecode.c.objc; path = NXRemindCenter.m; sourceTree = "<group>"; };
		65EDA6281A31965A00333998 /* NXRemindTableViewCell.h */ = {isa = PBXFileReference; fileEncoding = 4; lastKnownFileType = sourcecode.c.h; path = NXRemindTableViewCell.h; sourceTree = "<group>"; };
		65EDA6291A31965A00333998 /* NXRemindTableViewCell.m */ = {isa = PBXFileReference; fileEncoding = 4; lastKnownFileType = sourcecode.c.objc; path = NXRemindTableViewCell.m; sourceTree = "<group>"; };
		65EDA62B1A319BF700333998 /* NXRemindInputText.h */ = {isa = PBXFileReference; fileEncoding = 4; lastKnownFileType = sourcecode.c.h; path = NXRemindInputText.h; sourceTree = "<group>"; };
		65EDA62C1A319BF700333998 /* NXRemindInputText.m */ = {isa = PBXFileReference; fileEncoding = 4; lastKnownFileType = sourcecode.c.objc; path = NXRemindInputText.m; sourceTree = "<group>"; };
		65EDA6371A31ADE800333998 /* NXRemindParametersTableViewController.h */ = {isa = PBXFileReference; fileEncoding = 4; lastKnownFileType = sourcecode.c.h; path = NXRemindParametersTableViewController.h; sourceTree = "<group>"; };
		65EDA6381A31ADE800333998 /* NXRemindParametersTableViewController.m */ = {isa = PBXFileReference; fileEncoding = 4; lastKnownFileType = sourcecode.c.objc; path = NXRemindParametersTableViewController.m; sourceTree = "<group>"; };
		65EDA63A1A31AE3000333998 /* CZStaticTableViewManipulator.h */ = {isa = PBXFileReference; fileEncoding = 4; lastKnownFileType = sourcecode.c.h; path = CZStaticTableViewManipulator.h; sourceTree = "<group>"; };
		65EDA63B1A31AE3000333998 /* CZStaticTableViewManipulator.m */ = {isa = PBXFileReference; fileEncoding = 4; lastKnownFileType = sourcecode.c.objc; path = CZStaticTableViewManipulator.m; sourceTree = "<group>"; };
/* End PBXFileReference section */

/* Begin PBXFrameworksBuildPhase section */
		65EDA5D61A31810600333998 /* Frameworks */ = {
			isa = PBXFrameworksBuildPhase;
			buildActionMask = 2147483647;
			files = (
			);
			runOnlyForDeploymentPostprocessing = 0;
		};
		65EDA5EF1A31810600333998 /* Frameworks */ = {
			isa = PBXFrameworksBuildPhase;
			buildActionMask = 2147483647;
			files = (
			);
			runOnlyForDeploymentPostprocessing = 0;
		};
/* End PBXFrameworksBuildPhase section */

/* Begin PBXGroup section */
		65EDA5D01A31810600333998 = {
			isa = PBXGroup;
			children = (
				65EDA5DB1A31810600333998 /* RemindTags */,
				65EDA5F51A31810600333998 /* RemindTagsTests */,
				65EDA5DA1A31810600333998 /* Products */,
			);
			sourceTree = "<group>";
		};
		65EDA5DA1A31810600333998 /* Products */ = {
			isa = PBXGroup;
			children = (
				65EDA5D91A31810600333998 /* RemindTags.app */,
				65EDA5F21A31810600333998 /* RemindTagsTests.xctest */,
			);
			name = Products;
			sourceTree = "<group>";
		};
		65EDA5DB1A31810600333998 /* RemindTags */ = {
			isa = PBXGroup;
			children = (
				65EDA6051A31845600333998 /* RemindCenter */,
				65EDA6271A31948A00333998 /* RemindItems */,
				65EDA6361A31ADA800333998 /* RemindItemParameters */,
				65EDA5E01A31810600333998 /* NXAppDelegate.h */,
				65EDA5E11A31810600333998 /* NXAppDelegate.m */,
				65EDA5E61A31810600333998 /* Main.storyboard */,
				65EDA5E91A31810600333998 /* Images.xcassets */,
				65EDA5EB1A31810600333998 /* LaunchScreen.xib */,
				65EDA5DC1A31810600333998 /* Supporting Files */,
			);
			path = RemindTags;
			sourceTree = "<group>";
		};
		65EDA5DC1A31810600333998 /* Supporting Files */ = {
			isa = PBXGroup;
			children = (
				65EDA5DD1A31810600333998 /* Info.plist */,
				65EDA5DE1A31810600333998 /* main.m */,
			);
			name = "Supporting Files";
			sourceTree = "<group>";
		};
		65EDA5F51A31810600333998 /* RemindTagsTests */ = {
			isa = PBXGroup;
			children = (
				65EDA5F81A31810600333998 /* RemindTagsTests.m */,
				65EDA5F61A31810600333998 /* Supporting Files */,
			);
			path = RemindTagsTests;
			sourceTree = "<group>";
		};
		65EDA5F61A31810600333998 /* Supporting Files */ = {
			isa = PBXGroup;
			children = (
				65EDA5F71A31810600333998 /* Info.plist */,
			);
			name = "Supporting Files";
			sourceTree = "<group>";
		};
		65EDA6051A31845600333998 /* RemindCenter */ = {
			isa = PBXGroup;
			children = (
				65EDA6181A31888000333998 /* DataModel.xcdatamodeld */,
				65EDA6241A318A1700333998 /* NXRemindCenter.h */,
				65EDA6251A318A1700333998 /* NXRemindCenter.m */,
				65EDA6211A3189D900333998 /* RemindItem+repeatModeOpt.h */,
				65EDA6221A3189D900333998 /* RemindItem+repeatModeOpt.m */,
				65EDA61E1A31898600333998 /* RemindItem.h */,
				65EDA61F1A31898600333998 /* RemindItem.m */,
				65EDA61B1A31898600333998 /* Tag.h */,
				65EDA61C1A31898600333998 /* Tag.m */,
			);
			name = RemindCenter;
			sourceTree = "<group>";
		};
		65EDA6271A31948A00333998 /* RemindItems */ = {
			isa = PBXGroup;
			children = (
				65EDA6021A31815E00333998 /* NXRemindTableViewController.h */,
				65EDA6031A31815E00333998 /* NXRemindTableViewController.m */,
				65EDA6281A31965A00333998 /* NXRemindTableViewCell.h */,
				65EDA6291A31965A00333998 /* NXRemindTableViewCell.m */,
				65EDA62B1A319BF700333998 /* NXRemindInputText.h */,
				65EDA62C1A319BF700333998 /* NXRemindInputText.m */,
			);
			name = RemindItems;
			sourceTree = "<group>";
		};
		65EDA6361A31ADA800333998 /* RemindItemParameters */ = {
			isa = PBXGroup;
			children = (
				65EDA63A1A31AE3000333998 /* CZStaticTableViewManipulator.h */,
				65EDA63B1A31AE3000333998 /* CZStaticTableViewManipulator.m */,
				65EDA6371A31ADE800333998 /* NXRemindParametersTableViewController.h */,
				65EDA6381A31ADE800333998 /* NXRemindParametersTableViewController.m */,
			);
			name = RemindItemParameters;
			sourceTree = "<group>";
		};
/* End PBXGroup section */

/* Begin PBXNativeTarget section */
		65EDA5D81A31810600333998 /* RemindTags */ = {
			isa = PBXNativeTarget;
			buildConfigurationList = 65EDA5FC1A31810600333998 /* Build configuration list for PBXNativeTarget "RemindTags" */;
			buildPhases = (
				65EDA5D51A31810600333998 /* Sources */,
				65EDA5D61A31810600333998 /* Frameworks */,
				65EDA5D71A31810600333998 /* Resources */,
			);
			buildRules = (
			);
			dependencies = (
			);
			name = RemindTags;
			productName = RemindTags;
			productReference = 65EDA5D91A31810600333998 /* RemindTags.app */;
			productType = "com.apple.product-type.application";
		};
		65EDA5F11A31810600333998 /* RemindTagsTests */ = {
			isa = PBXNativeTarget;
			buildConfigurationList = 65EDA5FF1A31810600333998 /* Build configuration list for PBXNativeTarget "RemindTagsTests" */;
			buildPhases = (
				65EDA5EE1A31810600333998 /* Sources */,
				65EDA5EF1A31810600333998 /* Frameworks */,
				65EDA5F01A31810600333998 /* Resources */,
			);
			buildRules = (
			);
			dependencies = (
				65EDA5F41A31810600333998 /* PBXTargetDependency */,
			);
			name = RemindTagsTests;
			productName = RemindTagsTests;
			productReference = 65EDA5F21A31810600333998 /* RemindTagsTests.xctest */;
			productType = "com.apple.product-type.bundle.unit-test";
		};
/* End PBXNativeTarget section */

/* Begin PBXProject section */
		65EDA5D11A31810600333998 /* Project object */ = {
			isa = PBXProject;
			attributes = {
				LastUpgradeCheck = 0610;
				ORGANIZATIONNAME = NeXtreme.com;
				TargetAttributes = {
					65EDA5D81A31810600333998 = {
						CreatedOnToolsVersion = 6.1.1;
					};
					65EDA5F11A31810600333998 = {
						CreatedOnToolsVersion = 6.1.1;
						TestTargetID = 65EDA5D81A31810600333998;
					};
				};
			};
			buildConfigurationList = 65EDA5D41A31810600333998 /* Build configuration list for PBXProject "RemindTags" */;
			compatibilityVersion = "Xcode 3.2";
			developmentRegion = English;
			hasScannedForEncodings = 0;
			knownRegions = (
				en,
				Base,
			);
			mainGroup = 65EDA5D01A31810600333998;
			productRefGroup = 65EDA5DA1A31810600333998 /* Products */;
			projectDirPath = "";
			projectRoot = "";
			targets = (
				65EDA5D81A31810600333998 /* RemindTags */,
				65EDA5F11A31810600333998 /* RemindTagsTests */,
			);
		};
/* End PBXProject section */

/* Begin PBXResourcesBuildPhase section */
		65EDA5D71A31810600333998 /* Resources */ = {
			isa = PBXResourcesBuildPhase;
			buildActionMask = 2147483647;
			files = (
				65EDA5E81A31810600333998 /* Main.storyboard in Resources */,
				65EDA5ED1A31810600333998 /* LaunchScreen.xib in Resources */,
				65EDA5EA1A31810600333998 /* Images.xcassets in Resources */,
			);
			runOnlyForDeploymentPostprocessing = 0;
		};
		65EDA5F01A31810600333998 /* Resources */ = {
			isa = PBXResourcesBuildPhase;
			buildActionMask = 2147483647;
			files = (
			);
			runOnlyForDeploymentPostprocessing = 0;
		};
/* End PBXResourcesBuildPhase section */

/* Begin PBXSourcesBuildPhase section */
		65EDA5D51A31810600333998 /* Sources */ = {
			isa = PBXSourcesBuildPhase;
			buildActionMask = 2147483647;
			files = (
				65EDA6041A31815E00333998 /* NXRemindTableViewController.m in Sources */,
				65EDA6261A318A1700333998 /* NXRemindCenter.m in Sources */,
				65EDA6391A31ADE800333998 /* NXRemindParametersTableViewController.m in Sources */,
				65EDA62A1A31965A00333998 /* NXRemindTableViewCell.m in Sources */,
				65EDA6231A3189D900333998 /* RemindItem+repeatModeOpt.m in Sources */,
				65EDA63C1A31AE3000333998 /* CZStaticTableViewManipulator.m in Sources */,
				65EDA6201A31898600333998 /* RemindItem.m in Sources */,
				65EDA61A1A31888000333998 /* DataModel.xcdatamodeld in Sources */,
				65EDA5E21A31810600333998 /* NXAppDelegate.m in Sources */,
				65EDA62D1A319BF700333998 /* NXRemindInputText.m in Sources */,
				65EDA5DF1A31810600333998 /* main.m in Sources */,
				65EDA61D1A31898600333998 /* Tag.m in Sources */,
			);
			runOnlyForDeploymentPostprocessing = 0;
		};
		65EDA5EE1A31810600333998 /* Sources */ = {
			isa = PBXSourcesBuildPhase;
			buildActionMask = 2147483647;
			files = (
				65EDA5F91A31810600333998 /* RemindTagsTests.m in Sources */,
			);
			runOnlyForDeploymentPostprocessing = 0;
		};
/* End PBXSourcesBuildPhase section */

/* Begin PBXTargetDependency section */
		65EDA5F41A31810600333998 /* PBXTargetDependency */ = {
			isa = PBXTargetDependency;
			target = 65EDA5D81A31810600333998 /* RemindTags */;
			targetProxy = 65EDA5F31A31810600333998 /* PBXContainerItemProxy */;
		};
/* End PBXTargetDependency section */

/* Begin PBXVariantGroup section */
		65EDA5E61A31810600333998 /* Main.storyboard */ = {
			isa = PBXVariantGroup;
			children = (
				65EDA5E71A31810600333998 /* Base */,
			);
			name = Main.storyboard;
			sourceTree = "<group>";
		};
		65EDA5EB1A31810600333998 /* LaunchScreen.xib */ = {
			isa = PBXVariantGroup;
			children = (
				65EDA5EC1A31810600333998 /* Base */,
			);
			name = LaunchScreen.xib;
			sourceTree = "<group>";
		};
/* End PBXVariantGroup section */

/* Begin XCBuildConfiguration section */
		65EDA5FA1A31810600333998 /* Debug */ = {
			isa = XCBuildConfiguration;
			buildSettings = {
				ALWAYS_SEARCH_USER_PATHS = NO;
				CLANG_CXX_LANGUAGE_STANDARD = "gnu++0x";
				CLANG_CXX_LIBRARY = "libc++";
				CLANG_ENABLE_MODULES = YES;
				CLANG_ENABLE_OBJC_ARC = YES;
				CLANG_WARN_BOOL_CONVERSION = YES;
				CLANG_WARN_CONSTANT_CONVERSION = YES;
				CLANG_WARN_DIRECT_OBJC_ISA_USAGE = YES_ERROR;
				CLANG_WARN_EMPTY_BODY = YES;
				CLANG_WARN_ENUM_CONVERSION = YES;
				CLANG_WARN_INT_CONVERSION = YES;
				CLANG_WARN_OBJC_ROOT_CLASS = YES_ERROR;
				CLANG_WARN_UNREACHABLE_CODE = YES;
				CLANG_WARN__DUPLICATE_METHOD_MATCH = YES;
				"CODE_SIGN_IDENTITY[sdk=iphoneos*]" = "iPhone Developer";
				COPY_PHASE_STRIP = NO;
				ENABLE_STRICT_OBJC_MSGSEND = YES;
				GCC_C_LANGUAGE_STANDARD = gnu99;
				GCC_DYNAMIC_NO_PIC = NO;
				GCC_OPTIMIZATION_LEVEL = 0;
				GCC_PREPROCESSOR_DEFINITIONS = (
					"DEBUG=1",
					"$(inherited)",
				);
				GCC_SYMBOLS_PRIVATE_EXTERN = NO;
				GCC_WARN_64_TO_32_BIT_CONVERSION = YES;
				GCC_WARN_ABOUT_RETURN_TYPE = YES_ERROR;
				GCC_WARN_UNDECLARED_SELECTOR = YES;
				GCC_WARN_UNINITIALIZED_AUTOS = YES_AGGRESSIVE;
				GCC_WARN_UNUSED_FUNCTION = YES;
				GCC_WARN_UNUSED_VARIABLE = YES;
				IPHONEOS_DEPLOYMENT_TARGET = 8.1;
				MTL_ENABLE_DEBUG_INFO = YES;
				ONLY_ACTIVE_ARCH = YES;
				SDKROOT = iphoneos;
				TARGETED_DEVICE_FAMILY = "1,2";
			};
			name = Debug;
		};
		65EDA5FB1A31810600333998 /* Release */ = {
			isa = XCBuildConfiguration;
			buildSettings = {
				ALWAYS_SEARCH_USER_PATHS = NO;
				CLANG_CXX_LANGUAGE_STANDARD = "gnu++0x";
				CLANG_CXX_LIBRARY = "libc++";
				CLANG_ENABLE_MODULES = YES;
				CLANG_ENABLE_OBJC_ARC = YES;
				CLANG_WARN_BOOL_CONVERSION = YES;
				CLANG_WARN_CONSTANT_CONVERSION = YES;
				CLANG_WARN_DIRECT_OBJC_ISA_USAGE = YES_ERROR;
				CLANG_WARN_EMPTY_BODY = YES;
				CLANG_WARN_ENUM_CONVERSION = YES;
				CLANG_WARN_INT_CONVERSION = YES;
				CLANG_WARN_OBJC_ROOT_CLASS = YES_ERROR;
				CLANG_WARN_UNREACHABLE_CODE = YES;
				CLANG_WARN__DUPLICATE_METHOD_MATCH = YES;
				"CODE_SIGN_IDENTITY[sdk=iphoneos*]" = "iPhone Developer";
				COPY_PHASE_STRIP = YES;
				ENABLE_NS_ASSERTIONS = NO;
				ENABLE_STRICT_OBJC_MSGSEND = YES;
				GCC_C_LANGUAGE_STANDARD = gnu99;
				GCC_WARN_64_TO_32_BIT_CONVERSION = YES;
				GCC_WARN_ABOUT_RETURN_TYPE = YES_ERROR;
				GCC_WARN_UNDECLARED_SELECTOR = YES;
				GCC_WARN_UNINITIALIZED_AUTOS = YES_AGGRESSIVE;
				GCC_WARN_UNUSED_FUNCTION = YES;
				GCC_WARN_UNUSED_VARIABLE = YES;
				IPHONEOS_DEPLOYMENT_TARGET = 8.1;
				MTL_ENABLE_DEBUG_INFO = NO;
				SDKROOT = iphoneos;
				TARGETED_DEVICE_FAMILY = "1,2";
				VALIDATE_PRODUCT = YES;
			};
			name = Release;
		};
		65EDA5FD1A31810600333998 /* Debug */ = {
			isa = XCBuildConfiguration;
			buildSettings = {
				ASSETCATALOG_COMPILER_APPICON_NAME = AppIcon;
				INFOPLIST_FILE = RemindTags/Info.plist;
				LD_RUNPATH_SEARCH_PATHS = "$(inherited) @executable_path/Frameworks";
				PRODUCT_NAME = "$(TARGET_NAME)";
			};
			name = Debug;
		};
		65EDA5FE1A31810600333998 /* Release */ = {
			isa = XCBuildConfiguration;
			buildSettings = {
				ASSETCATALOG_COMPILER_APPICON_NAME = AppIcon;
				INFOPLIST_FILE = RemindTags/Info.plist;
				LD_RUNPATH_SEARCH_PATHS = "$(inherited) @executable_path/Frameworks";
				PRODUCT_NAME = "$(TARGET_NAME)";
			};
			name = Release;
		};
		65EDA6001A31810600333998 /* Debug */ = {
			isa = XCBuildConfiguration;
			buildSettings = {
				BUNDLE_LOADER = "$(TEST_HOST)";
				FRAMEWORK_SEARCH_PATHS = (
					"$(SDKROOT)/Developer/Library/Frameworks",
					"$(inherited)",
				);
				GCC_PREPROCESSOR_DEFINITIONS = (
					"DEBUG=1",
					"$(inherited)",
				);
				INFOPLIST_FILE = RemindTagsTests/Info.plist;
				LD_RUNPATH_SEARCH_PATHS = "$(inherited) @executable_path/Frameworks @loader_path/Frameworks";
				PRODUCT_NAME = "$(TARGET_NAME)";
				TEST_HOST = "$(BUILT_PRODUCTS_DIR)/RemindTags.app/RemindTags";
			};
			name = Debug;
		};
		65EDA6011A31810600333998 /* Release */ = {
			isa = XCBuildConfiguration;
			buildSettings = {
				BUNDLE_LOADER = "$(TEST_HOST)";
				FRAMEWORK_SEARCH_PATHS = (
					"$(SDKROOT)/Developer/Library/Frameworks",
					"$(inherited)",
				);
				INFOPLIST_FILE = RemindTagsTests/Info.plist;
				LD_RUNPATH_SEARCH_PATHS = "$(inherited) @executable_path/Frameworks @loader_path/Frameworks";
				PRODUCT_NAME = "$(TARGET_NAME)";
				TEST_HOST = "$(BUILT_PRODUCTS_DIR)/RemindTags.app/RemindTags";
			};
			name = Release;
		};
/* End XCBuildConfiguration section */

/* Begin XCConfigurationList section */
		65EDA5D41A31810600333998 /* Build configuration list for PBXProject "RemindTags" */ = {
			isa = XCConfigurationList;
			buildConfigurations = (
				65EDA5FA1A31810600333998 /* Debug */,
				65EDA5FB1A31810600333998 /* Release */,
			);
			defaultConfigurationIsVisible = 0;
			defaultConfigurationName = Release;
		};
		65EDA5FC1A31810600333998 /* Build configuration list for PBXNativeTarget "RemindTags" */ = {
			isa = XCConfigurationList;
			buildConfigurations = (
				65EDA5FD1A31810600333998 /* Debug */,
				65EDA5FE1A31810600333998 /* Release */,
			);
			defaultConfigurationIsVisible = 0;
			defaultConfigurationName = Release;
		};
		65EDA5FF1A31810600333998 /* Build configuration list for PBXNativeTarget "RemindTagsTests" */ = {
			isa = XCConfigurationList;
			buildConfigurations = (
				65EDA6001A31810600333998 /* Debug */,
				65EDA6011A31810600333998 /* Release */,
			);
			defaultConfigurationIsVisible = 0;
			defaultConfigurationName = Release;
		};
/* End XCConfigurationList section */

/* Begin XCVersionGroup section */
		65EDA6181A31888000333998 /* DataModel.xcdatamodeld */ = {
			isa = XCVersionGroup;
			children = (
				65EDA6191A31888000333998 /* DataModel.xcdatamodel */,
			);
			currentVersion = 65EDA6191A31888000333998 /* DataModel.xcdatamodel */;
			path = DataModel.xcdatamodeld;
			sourceTree = "<group>";
			versionGroupType = wrapper.xcdatamodel;
		};
/* End XCVersionGroup section */
	};
	rootObject = 65EDA5D11A31810600333998 /* Project object */;
}
