// !$*UTF8*$!
{
	archiveVersion = 1;
	classes = {
	};
	objectVersion = 46;
	objects = {

/* Begin PBXBuildFile section */
		65B6D4DB1A32AC4C007BD9CE /* NXMusicItem.m in Sources */ = {isa = PBXBuildFile; fileRef = 65B6D4D61A32AC4C007BD9CE /* NXMusicItem.m */; };
		65B6D4DC1A32AC4C007BD9CE /* NXSoundTableViewController.m in Sources */ = {isa = PBXBuildFile; fileRef = 65B6D4D81A32AC4C007BD9CE /* NXSoundTableViewController.m */; };
		65B6D4DD1A32AC4C007BD9CE /* NXSoundTableViewCell.m in Sources */ = {isa = PBXBuildFile; fileRef = 65B6D4DA1A32AC4C007BD9CE /* NXSoundTableViewCell.m */; };
		65B6D4F41A32AC69007BD9CE /* Ancient_temple.mp3 in Resources */ = {isa = PBXBuildFile; fileRef = 65B6D4DF1A32AC69007BD9CE /* Ancient_temple.mp3 */; };
		65B6D4F51A32AC69007BD9CE /* Babbling_Brook.mp3 in Resources */ = {isa = PBXBuildFile; fileRef = 65B6D4E01A32AC69007BD9CE /* Babbling_Brook.mp3 */; };
		65B6D4F61A32AC69007BD9CE /* Calm_Rise.mp3 in Resources */ = {isa = PBXBuildFile; fileRef = 65B6D4E11A32AC69007BD9CE /* Calm_Rise.mp3 */; };
		65B6D4F71A32AC69007BD9CE /* Camping_trip.mp3 in Resources */ = {isa = PBXBuildFile; fileRef = 65B6D4E21A32AC69007BD9CE /* Camping_trip.mp3 */; };
		65B6D4F81A32AC69007BD9CE /* Constant_nudge.mp3 in Resources */ = {isa = PBXBuildFile; fileRef = 65B6D4E31A32AC69007BD9CE /* Constant_nudge.mp3 */; };
		65B6D4F91A32AC69007BD9CE /* Dance_club_dream.mp3 in Resources */ = {isa = PBXBuildFile; fileRef = 65B6D4E41A32AC69007BD9CE /* Dance_club_dream.mp3 */; };
		65B6D4FA1A32AC69007BD9CE /* Early_bird.mp3 in Resources */ = {isa = PBXBuildFile; fileRef = 65B6D4E51A32AC69007BD9CE /* Early_bird.mp3 */; };
		65B6D4FB1A32AC69007BD9CE /* Easy_Morning.mp3 in Resources */ = {isa = PBXBuildFile; fileRef = 65B6D4E61A32AC69007BD9CE /* Easy_Morning.mp3 */; };
		65B6D4FC1A32AC69007BD9CE /* First_Light.mp3 in Resources */ = {isa = PBXBuildFile; fileRef = 65B6D4E71A32AC69007BD9CE /* First_Light.mp3 */; };
		65B6D4FD1A32AC69007BD9CE /* Gentle_chimes.mp3 in Resources */ = {isa = PBXBuildFile; fileRef = 65B6D4E81A32AC69007BD9CE /* Gentle_chimes.mp3 */; };
		65B6D4FE1A32AC69007BD9CE /* Grandmas_house.mp3 in Resources */ = {isa = PBXBuildFile; fileRef = 65B6D4E91A32AC69007BD9CE /* Grandmas_house.mp3 */; };
		65B6D4FF1A32AC69007BD9CE /* Happy_melody.mp3 in Resources */ = {isa = PBXBuildFile; fileRef = 65B6D4EA1A32AC69007BD9CE /* Happy_melody.mp3 */; };
		65B6D5001A32AC69007BD9CE /* Jungle_Morning.mp3 in Resources */ = {isa = PBXBuildFile; fileRef = 65B6D4EB1A32AC69007BD9CE /* Jungle_Morning.mp3 */; };
		65B6D5011A32AC69007BD9CE /* Morning_news.mp3 in Resources */ = {isa = PBXBuildFile; fileRef = 65B6D4EC1A32AC69007BD9CE /* Morning_news.mp3 */; };
		65B6D5021A32AC69007BD9CE /* New_Day.mp3 in Resources */ = {isa = PBXBuildFile; fileRef = 65B6D4ED1A32AC69007BD9CE /* New_Day.mp3 */; };
		65B6D5031A32AC69007BD9CE /* Retro_digital.mp3 in Resources */ = {isa = PBXBuildFile; fileRef = 65B6D4EE1A32AC69007BD9CE /* Retro_digital.mp3 */; };
		65B6D5041A32AC69007BD9CE /* Rise_and_shine.mp3 in Resources */ = {isa = PBXBuildFile; fileRef = 65B6D4EF1A32AC69007BD9CE /* Rise_and_shine.mp3 */; };
		65B6D5051A32AC69007BD9CE /* Seaside_Waves.mp3 in Resources */ = {isa = PBXBuildFile; fileRef = 65B6D4F01A32AC69007BD9CE /* Seaside_Waves.mp3 */; };
		65B6D5061A32AC69007BD9CE /* Traveling_winds.mp3 in Resources */ = {isa = PBXBuildFile; fileRef = 65B6D4F11A32AC69007BD9CE /* Traveling_winds.mp3 */; };
		65B6D5071A32AC69007BD9CE /* Waking_Dream.mp3 in Resources */ = {isa = PBXBuildFile; fileRef = 65B6D4F21A32AC69007BD9CE /* Waking_Dream.mp3 */; };
		65B6D5081A32AC69007BD9CE /* Walking_at_dawn.mp3 in Resources */ = {isa = PBXBuildFile; fileRef = 65B6D4F31A32AC69007BD9CE /* Walking_at_dawn.mp3 */; };
		65B6D50B1A32ACAE007BD9CE /* NXWeekdaysTableViewController.m in Sources */ = {isa = PBXBuildFile; fileRef = 65B6D50A1A32ACAE007BD9CE /* NXWeekdaysTableViewController.m */; };
		65EDA5DF1A31810600333998 /* main.m in Sources */ = {isa = PBXBuildFile; fileRef = 65EDA5DE1A31810600333998 /* main.m */; };
		65EDA5E21A31810600333998 /* NXAppDelegate.m in Sources */ = {isa = PBXBuildFile; fileRef = 65EDA5E11A31810600333998 /* NXAppDelegate.m */; };
		65EDA5E81A31810600333998 /* Main.storyboard in Resources */ = {isa = PBXBuildFile; fileRef = 65EDA5E61A31810600333998 /* Main.storyboard */; };
		65EDA5EA1A31810600333998 /* Images.xcassets in Resources */ = {isa = PBXBuildFile; fileRef = 65EDA5E91A31810600333998 /* Images.xcassets */; };
		65EDA5ED1A31810600333998 /* LaunchScreen.xib in Resources */ = {isa = PBXBuildFile; fileRef = 65EDA5EB1A31810600333998 /* LaunchScreen.xib */; };
		65EDA5F91A31810600333998 /* RemindTagsTests.m in Sources */ = {isa = PBXBuildFile; fileRef = 65EDA5F81A31810600333998 /* RemindTagsTests.m */; };
		65EDA6041A31815E00333998 /* NXRemindTableViewController.m in Sources */ = {isa = PBXBuildFile; fileRef = 65EDA6031A31815E00333998 /* NXRemindTableViewController.m */; };
		65EDA61A1A31888000333998 /* DataModel.xcdatamodeld in Sources */ = {isa = PBXBuildFile; fileRef = 65EDA6181A31888000333998 /* DataModel.xcdatamodeld */; };
		65EDA61D1A31898600333998 /* Tag.m in Sources */ = {isa = PBXBuildFile; fileRef = 65EDA61C1A31898600333998 /* Tag.m */; };
		65EDA6201A31898600333998 /* RemindItem.m in Sources */ = {isa = PBXBuildFile; fileRef = 65EDA61F1A31898600333998 /* RemindItem.m */; };
		65EDA6231A3189D900333998 /* RemindItem+repeatModeOpt.m in Sources */ = {isa = PBXBuildFile; fileRef = 65EDA6221A3189D900333998 /* RemindItem+repeatModeOpt.m */; };
		65EDA6261A318A1700333998 /* NXRemindCenter.m in Sources */ = {isa = PBXBuildFile; fileRef = 65EDA6251A318A1700333998 /* NXRemindCenter.m */; };
		65EDA62A1A31965A00333998 /* NXRemindTableViewCell.m in Sources */ = {isa = PBXBuildFile; fileRef = 65EDA6291A31965A00333998 /* NXRemindTableViewCell.m */; };
		65EDA62D1A319BF700333998 /* NXRemindInputText.m in Sources */ = {isa = PBXBuildFile; fileRef = 65EDA62C1A319BF700333998 /* NXRemindInputText.m */; };
		65EDA6391A31ADE800333998 /* NXRemindParametersTableViewController.m in Sources */ = {isa = PBXBuildFile; fileRef = 65EDA6381A31ADE800333998 /* NXRemindParametersTableViewController.m */; };
/* End PBXBuildFile section */

/* Begin PBXContainerItemProxy section */
		65EDA5F31A31810600333998 /* PBXContainerItemProxy */ = {
			isa = PBXContainerItemProxy;
			containerPortal = 65EDA5D11A31810600333998 /* Project object */;
			proxyType = 1;
			remoteGlobalIDString = 65EDA5D81A31810600333998;
			remoteInfo = RemindTags;
		};
/* End PBXContainerItemProxy section */

/* Begin PBXFileReference section */
		65B6D4D51A32AC4C007BD9CE /* NXMusicItem.h */ = {isa = PBXFileReference; fileEncoding = 4; lastKnownFileType = sourcecode.c.h; path = NXMusicItem.h; sourceTree = "<group>"; };
		65B6D4D61A32AC4C007BD9CE /* NXMusicItem.m */ = {isa = PBXFileReference; fileEncoding = 4; lastKnownFileType = sourcecode.c.objc; path = NXMusicItem.m; sourceTree = "<group>"; };
		65B6D4D71A32AC4C007BD9CE /* NXSoundTableViewController.h */ = {isa = PBXFileReference; fileEncoding = 4; lastKnownFileType = sourcecode.c.h; path = NXSoundTableViewController.h; sourceTree = "<group>"; };
		65B6D4D81A32AC4C007BD9CE /* NXSoundTableViewController.m */ = {isa = PBXFileReference; fileEncoding = 4; lastKnownFileType = sourcecode.c.objc; path = NXSoundTableViewController.m; sourceTree = "<group>"; };
		65B6D4D91A32AC4C007BD9CE /* NXSoundTableViewCell.h */ = {isa = PBXFileReference; fileEncoding = 4; lastKnownFileType = sourcecode.c.h; path = NXSoundTableViewCell.h; sourceTree = "<group>"; };
		65B6D4DA1A32AC4C007BD9CE /* NXSoundTableViewCell.m */ = {isa = PBXFileReference; fileEncoding = 4; lastKnownFileType = sourcecode.c.objc; path = NXSoundTableViewCell.m; sourceTree = "<group>"; };
		65B6D4DF1A32AC69007BD9CE /* Ancient_temple.mp3 */ = {isa = PBXFileReference; lastKnownFileType = audio.mp3; name = Ancient_temple.mp3; path = Sounds/Ancient_temple.mp3; sourceTree = "<group>"; };
		65B6D4E01A32AC69007BD9CE /* Babbling_Brook.mp3 */ = {isa = PBXFileReference; lastKnownFileType = audio.mp3; name = Babbling_Brook.mp3; path = Sounds/Babbling_Brook.mp3; sourceTree = "<group>"; };
		65B6D4E11A32AC69007BD9CE /* Calm_Rise.mp3 */ = {isa = PBXFileReference; lastKnownFileType = audio.mp3; name = Calm_Rise.mp3; path = Sounds/Calm_Rise.mp3; sourceTree = "<group>"; };
		65B6D4E21A32AC69007BD9CE /* Camping_trip.mp3 */ = {isa = PBXFileReference; lastKnownFileType = audio.mp3; name = Camping_trip.mp3; path = Sounds/Camping_trip.mp3; sourceTree = "<group>"; };
		65B6D4E31A32AC69007BD9CE /* Constant_nudge.mp3 */ = {isa = PBXFileReference; lastKnownFileType = audio.mp3; name = Constant_nudge.mp3; path = Sounds/Constant_nudge.mp3; sourceTree = "<group>"; };
		65B6D4E41A32AC69007BD9CE /* Dance_club_dream.mp3 */ = {isa = PBXFileReference; lastKnownFileType = audio.mp3; name = Dance_club_dream.mp3; path = Sounds/Dance_club_dream.mp3; sourceTree = "<group>"; };
		65B6D4E51A32AC69007BD9CE /* Early_bird.mp3 */ = {isa = PBXFileReference; lastKnownFileType = audio.mp3; name = Early_bird.mp3; path = Sounds/Early_bird.mp3; sourceTree = "<group>"; };
		65B6D4E61A32AC69007BD9CE /* Easy_Morning.mp3 */ = {isa = PBXFileReference; lastKnownFileType = audio.mp3; name = Easy_Morning.mp3; path = Sounds/Easy_Morning.mp3; sourceTree = "<group>"; };
		65B6D4E71A32AC69007BD9CE /* First_Light.mp3 */ = {isa = PBXFileReference; lastKnownFileType = audio.mp3; name = First_Light.mp3; path = Sounds/First_Light.mp3; sourceTree = "<group>"; };
		65B6D4E81A32AC69007BD9CE /* Gentle_chimes.mp3 */ = {isa = PBXFileReference; lastKnownFileType = audio.mp3; name = Gentle_chimes.mp3; path = Sounds/Gentle_chimes.mp3; sourceTree = "<group>"; };
		65B6D4E91A32AC69007BD9CE /* Grandmas_house.mp3 */ = {isa = PBXFileReference; lastKnownFileType = audio.mp3; name = Grandmas_house.mp3; path = Sounds/Grandmas_house.mp3; sourceTree = "<group>"; };
		65B6D4EA1A32AC69007BD9CE /* Happy_melody.mp3 */ = {isa = PBXFileReference; lastKnownFileType = audio.mp3; name = Happy_melody.mp3; path = Sounds/Happy_melody.mp3; sourceTree = "<group>"; };
		65B6D4EB1A32AC69007BD9CE /* Jungle_Morning.mp3 */ = {isa = PBXFileReference; lastKnownFileType = audio.mp3; name = Jungle_Morning.mp3; path = Sounds/Jungle_Morning.mp3; sourceTree = "<group>"; };
		65B6D4EC1A32AC69007BD9CE /* Morning_news.mp3 */ = {isa = PBXFileReference; lastKnownFileType = audio.mp3; name = Morning_news.mp3; path = Sounds/Morning_news.mp3; sourceTree = "<group>"; };
		65B6D4ED1A32AC69007BD9CE /* New_Day.mp3 */ = {isa = PBXFileReference; lastKnownFileType = audio.mp3; name = New_Day.mp3; path = Sounds/New_Day.mp3; sourceTree = "<group>"; };
		65B6D4EE1A32AC69007BD9CE /* Retro_digital.mp3 */ = {isa = PBXFileReference; lastKnownFileType = audio.mp3; name = Retro_digital.mp3; path = Sounds/Retro_digital.mp3; sourceTree = "<group>"; };
		65B6D4EF1A32AC69007BD9CE /* Rise_and_shine.mp3 */ = {isa = PBXFileReference; lastKnownFileType = audio.mp3; name = Rise_and_shine.mp3; path = Sounds/Rise_and_shine.mp3; sourceTree = "<group>"; };
		65B6D4F01A32AC69007BD9CE /* Seaside_Waves.mp3 */ = {isa = PBXFileReference; lastKnownFileType = audio.mp3; name = Seaside_Waves.mp3; path = Sounds/Seaside_Waves.mp3; sourceTree = "<group>"; };
		65B6D4F11A32AC69007BD9CE /* Traveling_winds.mp3 */ = {isa = PBXFileReference; lastKnownFileType = audio.mp3; name = Traveling_winds.mp3; path = Sounds/Traveling_winds.mp3; sourceTree = "<group>"; };
		65B6D4F21A32AC69007BD9CE /* Waking_Dream.mp3 */ = {isa = PBXFileReference; lastKnownFileType = audio.mp3; name = Waking_Dream.mp3; path = Sounds/Waking_Dream.mp3; sourceTree = "<group>"; };
		65B6D4F31A32AC69007BD9CE /* Walking_at_dawn.mp3 */ = {isa = PBXFileReference; lastKnownFileType = audio.mp3; name = Walking_at_dawn.mp3; path = Sounds/Walking_at_dawn.mp3; sourceTree = "<group>"; };
		65B6D5091A32ACAE007BD9CE /* NXWeekdaysTableViewController.h */ = {isa = PBXFileReference; fileEncoding = 4; lastKnownFileType = sourcecode.c.h; path = NXWeekdaysTableViewController.h; sourceTree = "<group>"; };
		65B6D50A1A32ACAE007BD9CE /* NXWeekdaysTableViewController.m */ = {isa = PBXFileReference; fileEncoding = 4; lastKnownFileType = sourcecode.c.objc; path = NXWeekdaysTableViewController.m; sourceTree = "<group>"; };
		65EDA5D91A31810600333998 /* RemindTags.app */ = {isa = PBXFileReference; explicitFileType = wrapper.application; includeInIndex = 0; path = RemindTags.app; sourceTree = BUILT_PRODUCTS_DIR; };
		65EDA5DD1A31810600333998 /* Info.plist */ = {isa = PBXFileReference; lastKnownFileType = text.plist.xml; path = Info.plist; sourceTree = "<group>"; };
		65EDA5DE1A31810600333998 /* main.m */ = {isa = PBXFileReference; lastKnownFileType = sourcecode.c.objc; path = main.m; sourceTree = "<group>"; };
		65EDA5E01A31810600333998 /* NXAppDelegate.h */ = {isa = PBXFileReference; lastKnownFileType = sourcecode.c.h; path = NXAppDelegate.h; sourceTree = "<group>"; };
		65EDA5E11A31810600333998 /* NXAppDelegate.m */ = {isa = PBXFileReference; lastKnownFileType = sourcecode.c.objc; path = NXAppDelegate.m; sourceTree = "<group>"; };
		65EDA5E71A31810600333998 /* Base */ = {isa = PBXFileReference; lastKnownFileType = file.storyboard; name = Base; path = Base.lproj/Main.storyboard; sourceTree = "<group>"; };
		65EDA5E91A31810600333998 /* Images.xcassets */ = {isa = PBXFileReference; lastKnownFileType = folder.assetcatalog; path = Images.xcassets; sourceTree = "<group>"; };
		65EDA5EC1A31810600333998 /* Base */ = {isa = PBXFileReference; lastKnownFileType = file.xib; name = Base; path = Base.lproj/LaunchScreen.xib; sourceTree = "<group>"; };
		65EDA5F21A31810600333998 /* RemindTagsTests.xctest */ = {isa = PBXFileReference; explicitFileType = wrapper.cfbundle; includeInIndex = 0; path = RemindTagsTests.xctest; sourceTree = BUILT_PRODUCTS_DIR; };
		65EDA5F71A31810600333998 /* Info.plist */ = {isa = PBXFileReference; lastKnownFileType = text.plist.xml; path = Info.plist; sourceTree = "<group>"; };
		65EDA5F81A31810600333998 /* RemindTagsTests.m */ = {isa = PBXFileReference; lastKnownFileType = sourcecode.c.objc; path = RemindTagsTests.m; sourceTree = "<group>"; };
		65EDA6021A31815E00333998 /* NXRemindTableViewController.h */ = {isa = PBXFileReference; fileEncoding = 4; lastKnownFileType = sourcecode.c.h; path = NXRemindTableViewController.h; sourceTree = "<group>"; };
		65EDA6031A31815E00333998 /* NXRemindTableViewController.m */ = {isa = PBXFileReference; fileEncoding = 4; lastKnownFileType = sourcecode.c.objc; path = NXRemindTableViewController.m; sourceTree = "<group>"; };
		65EDA6191A31888000333998 /* DataModel.xcdatamodel */ = {isa = PBXFileReference; lastKnownFileType = wrapper.xcdatamodel; path = DataModel.xcdatamodel; sourceTree = "<group>"; };
		65EDA61B1A31898600333998 /* Tag.h */ = {isa = PBXFileReference; fileEncoding = 4; lastKnownFileType = sourcecode.c.h; path = Tag.h; sourceTree = "<group>"; };
		65EDA61C1A31898600333998 /* Tag.m */ = {isa = PBXFileReference; fileEncoding = 4; lastKnownFileType = sourcecode.c.objc; path = Tag.m; sourceTree = "<group>"; };
		65EDA61E1A31898600333998 /* RemindItem.h */ = {isa = PBXFileReference; fileEncoding = 4; lastKnownFileType = sourcecode.c.h; path = RemindItem.h; sourceTree = "<group>"; };
		65EDA61F1A31898600333998 /* RemindItem.m */ = {isa = PBXFileReference; fileEncoding = 4; lastKnownFileType = sourcecode.c.objc; path = RemindItem.m; sourceTree = "<group>"; };
		65EDA6211A3189D900333998 /* RemindItem+repeatModeOpt.h */ = {isa = PBXFileReference; fileEncoding = 4; lastKnownFileType = sourcecode.c.h; path = "RemindItem+repeatModeOpt.h"; sourceTree = "<group>"; };
		65EDA6221A3189D900333998 /* RemindItem+repeatModeOpt.m */ = {isa = PBXFileReference; fileEncoding = 4; lastKnownFileType = sourcecode.c.objc; path = "RemindItem+repeatModeOpt.m"; sourceTree = "<group>"; };
		65EDA6241A318A1700333998 /* NXRemindCenter.h */ = {isa = PBXFileReference; fileEncoding = 4; lastKnownFileType = sourcecode.c.h; path = NXRemindCenter.h; sourceTree = "<group>"; };
		65EDA6251A318A1700333998 /* NXRemindCenter.m */ = {isa = PBXFileReference; fileEncoding = 4; lastKnownFileType = sourcecode.c.objc; path = NXRemindCenter.m; sourceTree = "<group>"; };
		65EDA6281A31965A00333998 /* NXRemindTableViewCell.h */ = {isa = PBXFileReference; fileEncoding = 4; lastKnownFileType = sourcecode.c.h; path = NXRemindTableViewCell.h; sourceTree = "<group>"; };
		65EDA6291A31965A00333998 /* NXRemindTableViewCell.m */ = {isa = PBXFileReference; fileEncoding = 4; lastKnownFileType = sourcecode.c.objc; path = NXRemindTableViewCell.m; sourceTree = "<group>"; };
		65EDA62B1A319BF700333998 /* NXRemindInputText.h */ = {isa = PBXFileReference; fileEncoding = 4; lastKnownFileType = sourcecode.c.h; path = NXRemindInputText.h; sourceTree = "<group>"; };
		65EDA62C1A319BF700333998 /* NXRemindInputText.m */ = {isa = PBXFileReference; fileEncoding = 4; lastKnownFileType = sourcecode.c.objc; path = NXRemindInputText.m; sourceTree = "<group>"; };
		65EDA6371A31ADE800333998 /* NXRemindParametersTableViewController.h */ = {isa = PBXFileReference; fileEncoding = 4; lastKnownFileType = sourcecode.c.h; path = NXRemindParametersTableViewController.h; sourceTree = "<group>"; };
		65EDA6381A31ADE800333998 /* NXRemindParametersTableViewController.m */ = {isa = PBXFileReference; fileEncoding = 4; lastKnownFileType = sourcecode.c.objc; path = NXRemindParametersTableViewController.m; sourceTree = "<group>"; };
/* End PBXFileReference section */

/* Begin PBXFrameworksBuildPhase section */
		65EDA5D61A31810600333998 /* Frameworks */ = {
			isa = PBXFrameworksBuildPhase;
			buildActionMask = 2147483647;
			files = (
			);
			runOnlyForDeploymentPostprocessing = 0;
		};
		65EDA5EF1A31810600333998 /* Frameworks */ = {
			isa = PBXFrameworksBuildPhase;
			buildActionMask = 2147483647;
			files = (
			);
			runOnlyForDeploymentPostprocessing = 0;
		};
/* End PBXFrameworksBuildPhase section */

/* Begin PBXGroup section */
		65B6D4D31A32AB9D007BD9CE /* Weekdays */ = {
			isa = PBXGroup;
			children = (
				65B6D5091A32ACAE007BD9CE /* NXWeekdaysTableViewController.h */,
				65B6D50A1A32ACAE007BD9CE /* NXWeekdaysTableViewController.m */,
			);
			name = Weekdays;
			sourceTree = "<group>";
		};
		65B6D4D41A32ABAD007BD9CE /* Sound */ = {
			isa = PBXGroup;
			children = (
				65B6D4DE1A32AC50007BD9CE /* MediaFile */,
				65B6D4D51A32AC4C007BD9CE /* NXMusicItem.h */,
				65B6D4D61A32AC4C007BD9CE /* NXMusicItem.m */,
				65B6D4D91A32AC4C007BD9CE /* NXSoundTableViewCell.h */,
				65B6D4DA1A32AC4C007BD9CE /* NXSoundTableViewCell.m */,
				65B6D4D71A32AC4C007BD9CE /* NXSoundTableViewController.h */,
				65B6D4D81A32AC4C007BD9CE /* NXSoundTableViewController.m */,
			);
			name = Sound;
			sourceTree = "<group>";
		};
		65B6D4DE1A32AC50007BD9CE /* MediaFile */ = {
			isa = PBXGroup;
			children = (
				65B6D4DF1A32AC69007BD9CE /* Ancient_temple.mp3 */,
				65B6D4E01A32AC69007BD9CE /* Babbling_Brook.mp3 */,
				65B6D4E11A32AC69007BD9CE /* Calm_Rise.mp3 */,
				65B6D4E21A32AC69007BD9CE /* Camping_trip.mp3 */,
				65B6D4E31A32AC69007BD9CE /* Constant_nudge.mp3 */,
				65B6D4E41A32AC69007BD9CE /* Dance_club_dream.mp3 */,
				65B6D4E51A32AC69007BD9CE /* Early_bird.mp3 */,
				65B6D4E61A32AC69007BD9CE /* Easy_Morning.mp3 */,
				65B6D4E71A32AC69007BD9CE /* First_Light.mp3 */,
				65B6D4E81A32AC69007BD9CE /* Gentle_chimes.mp3 */,
				65B6D4E91A32AC69007BD9CE /* Grandmas_house.mp3 */,
				65B6D4EA1A32AC69007BD9CE /* Happy_melody.mp3 */,
				65B6D4EB1A32AC69007BD9CE /* Jungle_Morning.mp3 */,
				65B6D4EC1A32AC69007BD9CE /* Morning_news.mp3 */,
				65B6D4ED1A32AC69007BD9CE /* New_Day.mp3 */,
				65B6D4EE1A32AC69007BD9CE /* Retro_digital.mp3 */,
				65B6D4EF1A32AC69007BD9CE /* Rise_and_shine.mp3 */,
				65B6D4F01A32AC69007BD9CE /* Seaside_Waves.mp3 */,
				65B6D4F11A32AC69007BD9CE /* Traveling_winds.mp3 */,
				65B6D4F21A32AC69007BD9CE /* Waking_Dream.mp3 */,
				65B6D4F31A32AC69007BD9CE /* Walking_at_dawn.mp3 */,
			);
			name = MediaFile;
			sourceTree = "<group>";
		};
		65EDA5D01A31810600333998 = {
			isa = PBXGroup;
			children = (
				65EDA5DB1A31810600333998 /* RemindTags */,
				65EDA5F51A31810600333998 /* RemindTagsTests */,
				65EDA5DA1A31810600333998 /* Products */,
			);
			sourceTree = "<group>";
		};
		65EDA5DA1A31810600333998 /* Products */ = {
			isa = PBXGroup;
			children = (
				65EDA5D91A31810600333998 /* RemindTags.app */,
				65EDA5F21A31810600333998 /* RemindTagsTests.xctest */,
			);
			name = Products;
			sourceTree = "<group>";
		};
		65EDA5DB1A31810600333998 /* RemindTags */ = {
			isa = PBXGroup;
			children = (
				65EDA6051A31845600333998 /* RemindCenter */,
				65EDA6271A31948A00333998 /* RemindItems */,
				65EDA6361A31ADA800333998 /* RemindItemParameters */,
				65B6D4D31A32AB9D007BD9CE /* Weekdays */,
				65B6D4D41A32ABAD007BD9CE /* Sound */,
				65EDA5E01A31810600333998 /* NXAppDelegate.h */,
				65EDA5E11A31810600333998 /* NXAppDelegate.m */,
				65EDA5E61A31810600333998 /* Main.storyboard */,
				65EDA5E91A31810600333998 /* Images.xcassets */,
				65EDA5EB1A31810600333998 /* LaunchScreen.xib */,
				65EDA5DC1A31810600333998 /* Supporting Files */,
			);
			path = RemindTags;
			sourceTree = "<group>";
		};
		65EDA5DC1A31810600333998 /* Supporting Files */ = {
			isa = PBXGroup;
			children = (
				65EDA5DD1A31810600333998 /* Info.plist */,
				65EDA5DE1A31810600333998 /* main.m */,
			);
			name = "Supporting Files";
			sourceTree = "<group>";
		};
		65EDA5F51A31810600333998 /* RemindTagsTests */ = {
			isa = PBXGroup;
			children = (
				65EDA5F81A31810600333998 /* RemindTagsTests.m */,
				65EDA5F61A31810600333998 /* Supporting Files */,
			);
			path = RemindTagsTests;
			sourceTree = "<group>";
		};
		65EDA5F61A31810600333998 /* Supporting Files */ = {
			isa = PBXGroup;
			children = (
				65EDA5F71A31810600333998 /* Info.plist */,
			);
			name = "Supporting Files";
			sourceTree = "<group>";
		};
		65EDA6051A31845600333998 /* RemindCenter */ = {
			isa = PBXGroup;
			children = (
				65EDA6181A31888000333998 /* DataModel.xcdatamodeld */,
				65EDA6241A318A1700333998 /* NXRemindCenter.h */,
				65EDA6251A318A1700333998 /* NXRemindCenter.m */,
				65EDA6211A3189D900333998 /* RemindItem+repeatModeOpt.h */,
				65EDA6221A3189D900333998 /* RemindItem+repeatModeOpt.m */,
				65EDA61E1A31898600333998 /* RemindItem.h */,
				65EDA61F1A31898600333998 /* RemindItem.m */,
				65EDA61B1A31898600333998 /* Tag.h */,
				65EDA61C1A31898600333998 /* Tag.m */,
			);
			name = RemindCenter;
			sourceTree = "<group>";
		};
		65EDA6271A31948A00333998 /* RemindItems */ = {
			isa = PBXGroup;
			children = (
				65EDA6021A31815E00333998 /* NXRemindTableViewController.h */,
				65EDA6031A31815E00333998 /* NXRemindTableViewController.m */,
				65EDA6281A31965A00333998 /* NXRemindTableViewCell.h */,
				65EDA6291A31965A00333998 /* NXRemindTableViewCell.m */,
				65EDA62B1A319BF700333998 /* NXRemindInputText.h */,
				65EDA62C1A319BF700333998 /* NXRemindInputText.m */,
			);
			name = RemindItems;
			sourceTree = "<group>";
		};
		65EDA6361A31ADA800333998 /* RemindItemParameters */ = {
			isa = PBXGroup;
			children = (
				65EDA6371A31ADE800333998 /* NXRemindParametersTableViewController.h */,
				65EDA6381A31ADE800333998 /* NXRemindParametersTableViewController.m */,
			);
			name = RemindItemParameters;
			sourceTree = "<group>";
		};
/* End PBXGroup section */

/* Begin PBXNativeTarget section */
		65EDA5D81A31810600333998 /* RemindTags */ = {
			isa = PBXNativeTarget;
			buildConfigurationList = 65EDA5FC1A31810600333998 /* Build configuration list for PBXNativeTarget "RemindTags" */;
			buildPhases = (
				65EDA5D51A31810600333998 /* Sources */,
				65EDA5D61A31810600333998 /* Frameworks */,
				65EDA5D71A31810600333998 /* Resources */,
			);
			buildRules = (
			);
			dependencies = (
			);
			name = RemindTags;
			productName = RemindTags;
			productReference = 65EDA5D91A31810600333998 /* RemindTags.app */;
			productType = "com.apple.product-type.application";
		};
		65EDA5F11A31810600333998 /* RemindTagsTests */ = {
			isa = PBXNativeTarget;
			buildConfigurationList = 65EDA5FF1A31810600333998 /* Build configuration list for PBXNativeTarget "RemindTagsTests" */;
			buildPhases = (
				65EDA5EE1A31810600333998 /* Sources */,
				65EDA5EF1A31810600333998 /* Frameworks */,
				65EDA5F01A31810600333998 /* Resources */,
			);
			buildRules = (
			);
			dependencies = (
				65EDA5F41A31810600333998 /* PBXTargetDependency */,
			);
			name = RemindTagsTests;
			productName = RemindTagsTests;
			productReference = 65EDA5F21A31810600333998 /* RemindTagsTests.xctest */;
			productType = "com.apple.product-type.bundle.unit-test";
		};
/* End PBXNativeTarget section */

/* Begin PBXProject section */
		65EDA5D11A31810600333998 /* Project object */ = {
			isa = PBXProject;
			attributes = {
				LastUpgradeCheck = 0610;
				ORGANIZATIONNAME = NeXtreme.com;
				TargetAttributes = {
					65EDA5D81A31810600333998 = {
						CreatedOnToolsVersion = 6.1.1;
					};
					65EDA5F11A31810600333998 = {
						CreatedOnToolsVersion = 6.1.1;
						TestTargetID = 65EDA5D81A31810600333998;
					};
				};
			};
			buildConfigurationList = 65EDA5D41A31810600333998 /* Build configuration list for PBXProject "RemindTags" */;
			compatibilityVersion = "Xcode 3.2";
			developmentRegion = English;
			hasScannedForEncodings = 0;
			knownRegions = (
				en,
				Base,
			);
			mainGroup = 65EDA5D01A31810600333998;
			productRefGroup = 65EDA5DA1A31810600333998 /* Products */;
			projectDirPath = "";
			projectRoot = "";
			targets = (
				65EDA5D81A31810600333998 /* RemindTags */,
				65EDA5F11A31810600333998 /* RemindTagsTests */,
			);
		};
/* End PBXProject section */

/* Begin PBXResourcesBuildPhase section */
		65EDA5D71A31810600333998 /* Resources */ = {
			isa = PBXResourcesBuildPhase;
			buildActionMask = 2147483647;
			files = (
				65B6D4FE1A32AC69007BD9CE /* Grandmas_house.mp3 in Resources */,
				65B6D5061A32AC69007BD9CE /* Traveling_winds.mp3 in Resources */,
				65B6D4FC1A32AC69007BD9CE /* First_Light.mp3 in Resources */,
				65B6D4F61A32AC69007BD9CE /* Calm_Rise.mp3 in Resources */,
				65B6D5041A32AC69007BD9CE /* Rise_and_shine.mp3 in Resources */,
				65B6D4F91A32AC69007BD9CE /* Dance_club_dream.mp3 in Resources */,
				65B6D4F41A32AC69007BD9CE /* Ancient_temple.mp3 in Resources */,
				65B6D4F51A32AC69007BD9CE /* Babbling_Brook.mp3 in Resources */,
				65B6D5051A32AC69007BD9CE /* Seaside_Waves.mp3 in Resources */,
				65B6D4FB1A32AC69007BD9CE /* Easy_Morning.mp3 in Resources */,
				65B6D4FF1A32AC69007BD9CE /* Happy_melody.mp3 in Resources */,
				65B6D5081A32AC69007BD9CE /* Walking_at_dawn.mp3 in Resources */,
				65B6D4F71A32AC69007BD9CE /* Camping_trip.mp3 in Resources */,
				65B6D5011A32AC69007BD9CE /* Morning_news.mp3 in Resources */,
				65B6D4F81A32AC69007BD9CE /* Constant_nudge.mp3 in Resources */,
				65EDA5E81A31810600333998 /* Main.storyboard in Resources */,
				65B6D5071A32AC69007BD9CE /* Waking_Dream.mp3 in Resources */,
				65B6D4FA1A32AC69007BD9CE /* Early_bird.mp3 in Resources */,
				65EDA5ED1A31810600333998 /* LaunchScreen.xib in Resources */,
				65B6D4FD1A32AC69007BD9CE /* Gentle_chimes.mp3 in Resources */,
				65B6D5001A32AC69007BD9CE /* Jungle_Morning.mp3 in Resources */,
				65B6D5021A32AC69007BD9CE /* New_Day.mp3 in Resources */,
				65EDA5EA1A31810600333998 /* Images.xcassets in Resources */,
				65B6D5031A32AC69007BD9CE /* Retro_digital.mp3 in Resources */,
			);
			runOnlyForDeploymentPostprocessing = 0;
		};
		65EDA5F01A31810600333998 /* Resources */ = {
			isa = PBXResourcesBuildPhase;
			buildActionMask = 2147483647;
			files = (
			);
			runOnlyForDeploymentPostprocessing = 0;
		};
/* End PBXResourcesBuildPhase section */

/* Begin PBXSourcesBuildPhase section */
		65EDA5D51A31810600333998 /* Sources */ = {
			isa = PBXSourcesBuildPhase;
			buildActionMask = 2147483647;
			files = (
				65B6D4DB1A32AC4C007BD9CE /* NXMusicItem.m in Sources */,
				65EDA6041A31815E00333998 /* NXRemindTableViewController.m in Sources */,
				65EDA6261A318A1700333998 /* NXRemindCenter.m in Sources */,
				65EDA6391A31ADE800333998 /* NXRemindParametersTableViewController.m in Sources */,
				65B6D50B1A32ACAE007BD9CE /* NXWeekdaysTableViewController.m in Sources */,
				65EDA62A1A31965A00333998 /* NXRemindTableViewCell.m in Sources */,
				65B6D4DC1A32AC4C007BD9CE /* NXSoundTableViewController.m in Sources */,
				65EDA6231A3189D900333998 /* RemindItem+repeatModeOpt.m in Sources */,
				65EDA6201A31898600333998 /* RemindItem.m in Sources */,
				65EDA61A1A31888000333998 /* DataModel.xcdatamodeld in Sources */,
				65B6D4DD1A32AC4C007BD9CE /* NXSoundTableViewCell.m in Sources */,
				65EDA5E21A31810600333998 /* NXAppDelegate.m in Sources */,
				65EDA62D1A319BF700333998 /* NXRemindInputText.m in Sources */,
				65EDA5DF1A31810600333998 /* main.m in Sources */,
				65EDA61D1A31898600333998 /* Tag.m in Sources */,
			);
			runOnlyForDeploymentPostprocessing = 0;
		};
		65EDA5EE1A31810600333998 /* Sources */ = {
			isa = PBXSourcesBuildPhase;
			buildActionMask = 2147483647;
			files = (
				65EDA5F91A31810600333998 /* RemindTagsTests.m in Sources */,
			);
			runOnlyForDeploymentPostprocessing = 0;
		};
/* End PBXSourcesBuildPhase section */

/* Begin PBXTargetDependency section */
		65EDA5F41A31810600333998 /* PBXTargetDependency */ = {
			isa = PBXTargetDependency;
			target = 65EDA5D81A31810600333998 /* RemindTags */;
			targetProxy = 65EDA5F31A31810600333998 /* PBXContainerItemProxy */;
		};
/* End PBXTargetDependency section */

/* Begin PBXVariantGroup section */
		65EDA5E61A31810600333998 /* Main.storyboard */ = {
			isa = PBXVariantGroup;
			children = (
				65EDA5E71A31810600333998 /* Base */,
			);
			name = Main.storyboard;
			sourceTree = "<group>";
		};
		65EDA5EB1A31810600333998 /* LaunchScreen.xib */ = {
			isa = PBXVariantGroup;
			children = (
				65EDA5EC1A31810600333998 /* Base */,
			);
			name = LaunchScreen.xib;
			sourceTree = "<group>";
		};
/* End PBXVariantGroup section */

/* Begin XCBuildConfiguration section */
		65EDA5FA1A31810600333998 /* Debug */ = {
			isa = XCBuildConfiguration;
			buildSettings = {
				ALWAYS_SEARCH_USER_PATHS = NO;
				CLANG_CXX_LANGUAGE_STANDARD = "gnu++0x";
				CLANG_CXX_LIBRARY = "libc++";
				CLANG_ENABLE_MODULES = YES;
				CLANG_ENABLE_OBJC_ARC = YES;
				CLANG_WARN_BOOL_CONVERSION = YES;
				CLANG_WARN_CONSTANT_CONVERSION = YES;
				CLANG_WARN_DIRECT_OBJC_ISA_USAGE = YES_ERROR;
				CLANG_WARN_EMPTY_BODY = YES;
				CLANG_WARN_ENUM_CONVERSION = YES;
				CLANG_WARN_INT_CONVERSION = YES;
				CLANG_WARN_OBJC_ROOT_CLASS = YES_ERROR;
				CLANG_WARN_UNREACHABLE_CODE = YES;
				CLANG_WARN__DUPLICATE_METHOD_MATCH = YES;
				"CODE_SIGN_IDENTITY[sdk=iphoneos*]" = "iPhone Developer";
				COPY_PHASE_STRIP = NO;
				ENABLE_STRICT_OBJC_MSGSEND = YES;
				GCC_C_LANGUAGE_STANDARD = gnu99;
				GCC_DYNAMIC_NO_PIC = NO;
				GCC_OPTIMIZATION_LEVEL = 0;
				GCC_PREPROCESSOR_DEFINITIONS = (
					"DEBUG=1",
					"$(inherited)",
				);
				GCC_SYMBOLS_PRIVATE_EXTERN = NO;
				GCC_WARN_64_TO_32_BIT_CONVERSION = YES;
				GCC_WARN_ABOUT_RETURN_TYPE = YES_ERROR;
				GCC_WARN_UNDECLARED_SELECTOR = YES;
				GCC_WARN_UNINITIALIZED_AUTOS = YES_AGGRESSIVE;
				GCC_WARN_UNUSED_FUNCTION = YES;
				GCC_WARN_UNUSED_VARIABLE = YES;
				IPHONEOS_DEPLOYMENT_TARGET = 8.1;
				MTL_ENABLE_DEBUG_INFO = YES;
				ONLY_ACTIVE_ARCH = YES;
				SDKROOT = iphoneos;
				TARGETED_DEVICE_FAMILY = "1,2";
			};
			name = Debug;
		};
		65EDA5FB1A31810600333998 /* Release */ = {
			isa = XCBuildConfiguration;
			buildSettings = {
				ALWAYS_SEARCH_USER_PATHS = NO;
				CLANG_CXX_LANGUAGE_STANDARD = "gnu++0x";
				CLANG_CXX_LIBRARY = "libc++";
				CLANG_ENABLE_MODULES = YES;
				CLANG_ENABLE_OBJC_ARC = YES;
				CLANG_WARN_BOOL_CONVERSION = YES;
				CLANG_WARN_CONSTANT_CONVERSION = YES;
				CLANG_WARN_DIRECT_OBJC_ISA_USAGE = YES_ERROR;
				CLANG_WARN_EMPTY_BODY = YES;
				CLANG_WARN_ENUM_CONVERSION = YES;
				CLANG_WARN_INT_CONVERSION = YES;
				CLANG_WARN_OBJC_ROOT_CLASS = YES_ERROR;
				CLANG_WARN_UNREACHABLE_CODE = YES;
				CLANG_WARN__DUPLICATE_METHOD_MATCH = YES;
				"CODE_SIGN_IDENTITY[sdk=iphoneos*]" = "iPhone Developer";
				COPY_PHASE_STRIP = YES;
				ENABLE_NS_ASSERTIONS = NO;
				ENABLE_STRICT_OBJC_MSGSEND = YES;
				GCC_C_LANGUAGE_STANDARD = gnu99;
				GCC_WARN_64_TO_32_BIT_CONVERSION = YES;
				GCC_WARN_ABOUT_RETURN_TYPE = YES_ERROR;
				GCC_WARN_UNDECLARED_SELECTOR = YES;
				GCC_WARN_UNINITIALIZED_AUTOS = YES_AGGRESSIVE;
				GCC_WARN_UNUSED_FUNCTION = YES;
				GCC_WARN_UNUSED_VARIABLE = YES;
				IPHONEOS_DEPLOYMENT_TARGET = 8.1;
				MTL_ENABLE_DEBUG_INFO = NO;
				SDKROOT = iphoneos;
				TARGETED_DEVICE_FAMILY = "1,2";
				VALIDATE_PRODUCT = YES;
			};
			name = Release;
		};
		65EDA5FD1A31810600333998 /* Debug */ = {
			isa = XCBuildConfiguration;
			buildSettings = {
				ASSETCATALOG_COMPILER_APPICON_NAME = AppIcon;
				INFOPLIST_FILE = RemindTags/Info.plist;
				LD_RUNPATH_SEARCH_PATHS = "$(inherited) @executable_path/Frameworks";
				PRODUCT_NAME = "$(TARGET_NAME)";
			};
			name = Debug;
		};
		65EDA5FE1A31810600333998 /* Release */ = {
			isa = XCBuildConfiguration;
			buildSettings = {
				ASSETCATALOG_COMPILER_APPICON_NAME = AppIcon;
				INFOPLIST_FILE = RemindTags/Info.plist;
				LD_RUNPATH_SEARCH_PATHS = "$(inherited) @executable_path/Frameworks";
				PRODUCT_NAME = "$(TARGET_NAME)";
			};
			name = Release;
		};
		65EDA6001A31810600333998 /* Debug */ = {
			isa = XCBuildConfiguration;
			buildSettings = {
				BUNDLE_LOADER = "$(TEST_HOST)";
				FRAMEWORK_SEARCH_PATHS = (
					"$(SDKROOT)/Developer/Library/Frameworks",
					"$(inherited)",
				);
				GCC_PREPROCESSOR_DEFINITIONS = (
					"DEBUG=1",
					"$(inherited)",
				);
				INFOPLIST_FILE = RemindTagsTests/Info.plist;
				LD_RUNPATH_SEARCH_PATHS = "$(inherited) @executable_path/Frameworks @loader_path/Frameworks";
				PRODUCT_NAME = "$(TARGET_NAME)";
				TEST_HOST = "$(BUILT_PRODUCTS_DIR)/RemindTags.app/RemindTags";
			};
			name = Debug;
		};
		65EDA6011A31810600333998 /* Release */ = {
			isa = XCBuildConfiguration;
			buildSettings = {
				BUNDLE_LOADER = "$(TEST_HOST)";
				FRAMEWORK_SEARCH_PATHS = (
					"$(SDKROOT)/Developer/Library/Frameworks",
					"$(inherited)",
				);
				INFOPLIST_FILE = RemindTagsTests/Info.plist;
				LD_RUNPATH_SEARCH_PATHS = "$(inherited) @executable_path/Frameworks @loader_path/Frameworks";
				PRODUCT_NAME = "$(TARGET_NAME)";
				TEST_HOST = "$(BUILT_PRODUCTS_DIR)/RemindTags.app/RemindTags";
			};
			name = Release;
		};
/* End XCBuildConfiguration section */

/* Begin XCConfigurationList section */
		65EDA5D41A31810600333998 /* Build configuration list for PBXProject "RemindTags" */ = {
			isa = XCConfigurationList;
			buildConfigurations = (
				65EDA5FA1A31810600333998 /* Debug */,
				65EDA5FB1A31810600333998 /* Release */,
			);
			defaultConfigurationIsVisible = 0;
			defaultConfigurationName = Release;
		};
		65EDA5FC1A31810600333998 /* Build configuration list for PBXNativeTarget "RemindTags" */ = {
			isa = XCConfigurationList;
			buildConfigurations = (
				65EDA5FD1A31810600333998 /* Debug */,
				65EDA5FE1A31810600333998 /* Release */,
			);
			defaultConfigurationIsVisible = 0;
			defaultConfigurationName = Release;
		};
		65EDA5FF1A31810600333998 /* Build configuration list for PBXNativeTarget "RemindTagsTests" */ = {
			isa = XCConfigurationList;
			buildConfigurations = (
				65EDA6001A31810600333998 /* Debug */,
				65EDA6011A31810600333998 /* Release */,
			);
			defaultConfigurationIsVisible = 0;
			defaultConfigurationName = Release;
		};
/* End XCConfigurationList section */

/* Begin XCVersionGroup section */
		65EDA6181A31888000333998 /* DataModel.xcdatamodeld */ = {
			isa = XCVersionGroup;
			children = (
				65EDA6191A31888000333998 /* DataModel.xcdatamodel */,
			);
			currentVersion = 65EDA6191A31888000333998 /* DataModel.xcdatamodel */;
			path = DataModel.xcdatamodeld;
			sourceTree = "<group>";
			versionGroupType = wrapper.xcdatamodel;
		};
/* End XCVersionGroup section */
	};
	rootObject = 65EDA5D11A31810600333998 /* Project object */;
}
